
Microsoft Visual Studio Solution File, Format Version 12.00
# Visual Studio Version 16
VisualStudioVersion = 16.0.31019.35
MinimumVisualStudioVersion = 10.0.40219.1
Project("{9A19103F-16F7-4668-BE54-9A1E7A4F7556}") = "Business", "Business\Business.csproj", "{FCE7FA59-C491-4890-A3A5-8BA65260DFD1}"
EndProject
Project("{9A19103F-16F7-4668-BE54-9A1E7A4F7556}") = "DataAccess", "DataAccess\DataAccess.csproj", "{98872D37-4859-40C7-BE5D-53C8F4ACA2BF}"
EndProject
Project("{9A19103F-16F7-4668-BE54-9A1E7A4F7556}") = "Core", "Core\Core.csproj", "{E2DD64F0-B477-4D35-A69D-B38A53120FFC}"
EndProject
Project("{9A19103F-16F7-4668-BE54-9A1E7A4F7556}") = "Entities", "Entities\Entities.csproj", "{3A03E7C2-8C4B-42CA-BE73-04A6A35B1CF0}"
EndProject
Project("{9A19103F-16F7-4668-BE54-9A1E7A4F7556}") = "WebAPI", "WebAPI\WebAPI.csproj", "{3EB811A8-8338-4627-990D-737AA2438B85}"
EndProject
Project("{FAE04EC0-301F-11D3-BF4B-00C04F79EFBC}") = "ConsoleUI", "ConsoleUI\ConsoleUI.csproj", "{48FDE02B-CF10-43CC-B97C-E6104B07F371}"
EndProject
Global
	GlobalSection(SolutionConfigurationPlatforms) = preSolution
		Debug|Any CPU = Debug|Any CPU
		Release|Any CPU = Release|Any CPU
	EndGlobalSection
	GlobalSection(ProjectConfigurationPlatforms) = postSolution
		{FCE7FA59-C491-4890-A3A5-8BA65260DFD1}.Debug|Any CPU.ActiveCfg = Debug|Any CPU
		{FCE7FA59-C491-4890-A3A5-8BA65260DFD1}.Debug|Any CPU.Build.0 = Debug|Any CPU
		{FCE7FA59-C491-4890-A3A5-8BA65260DFD1}.Release|Any CPU.ActiveCfg = Release|Any CPU
		{FCE7FA59-C491-4890-A3A5-8BA65260DFD1}.Release|Any CPU.Build.0 = Release|Any CPU
		{98872D37-4859-40C7-BE5D-53C8F4ACA2BF}.Debug|Any CPU.ActiveCfg = Debug|Any CPU
		{98872D37-4859-40C7-BE5D-53C8F4ACA2BF}.Debug|Any CPU.Build.0 = Debug|Any CPU
		{98872D37-4859-40C7-BE5D-53C8F4ACA2BF}.Release|Any CPU.ActiveCfg = Release|Any CPU
		{98872D37-4859-40C7-BE5D-53C8F4ACA2BF}.Release|Any CPU.Build.0 = Release|Any CPU
		{E2DD64F0-B477-4D35-A69D-B38A53120FFC}.Debug|Any CPU.ActiveCfg = Debug|Any CPU
		{E2DD64F0-B477-4D35-A69D-B38A53120FFC}.Debug|Any CPU.Build.0 = Debug|Any CPU
		{E2DD64F0-B477-4D35-A69D-B38A53120FFC}.Release|Any CPU.ActiveCfg = Release|Any CPU
		{E2DD64F0-B477-4D35-A69D-B38A53120FFC}.Release|Any CPU.Build.0 = Release|Any CPU
		{3A03E7C2-8C4B-42CA-BE73-04A6A35B1CF0}.Debug|Any CPU.ActiveCfg = Debug|Any CPU
		{3A03E7C2-8C4B-42CA-BE73-04A6A35B1CF0}.Debug|Any CPU.Build.0 = Debug|Any CPU
		{3A03E7C2-8C4B-42CA-BE73-04A6A35B1CF0}.Release|Any CPU.ActiveCfg = Release|Any CPU
		{3A03E7C2-8C4B-42CA-BE73-04A6A35B1CF0}.Release|Any CPU.Build.0 = Release|Any CPU
		{3EB811A8-8338-4627-990D-737AA2438B85}.Debug|Any CPU.ActiveCfg = Debug|Any CPU
		{3EB811A8-8338-4627-990D-737AA2438B85}.Debug|Any CPU.Build.0 = Debug|Any CPU
		{3EB811A8-8338-4627-990D-737AA2438B85}.Release|Any CPU.ActiveCfg = Release|Any CPU
		{3EB811A8-8338-4627-990D-737AA2438B85}.Release|Any CPU.Build.0 = Release|Any CPU
		{48FDE02B-CF10-43CC-B97C-E6104B07F371}.Debug|Any CPU.ActiveCfg = Debug|Any CPU
		{48FDE02B-CF10-43CC-B97C-E6104B07F371}.Debug|Any CPU.Build.0 = Debug|Any CPU
		{48FDE02B-CF10-43CC-B97C-E6104B07F371}.Release|Any CPU.ActiveCfg = Release|Any CPU
		{48FDE02B-CF10-43CC-B97C-E6104B07F371}.Release|Any CPU.Build.0 = Release|Any CPU
	EndGlobalSection
	GlobalSection(SolutionProperties) = preSolution
		HideSolutionNode = FALSE
	EndGlobalSection
	GlobalSection(ExtensibilityGlobals) = postSolution
		SolutionGuid = {5329A8E5-B4FA-4CEB-8B81-390CF1A9306F}
	EndGlobalSection
EndGlobal
